
Microsoft Visual Studio Solution File, Format Version 12.00
# Visual Studio Version 16
VisualStudioVersion = 16.0.29424.173
MinimumVisualStudioVersion = 10.0.40219.1
Project("{FAE04EC0-301F-11D3-BF4B-00C04F79EFBC}") = "WeatherTracker.Android", "WeatherTracker\WeatherTracker.Android\WeatherTracker.Android.csproj", "{2458C7EE-ABD8-4A47-BFF9-A7BB69D3ECC0}"
EndProject
Project("{FAE04EC0-301F-11D3-BF4B-00C04F79EFBC}") = "WeatherTracker.iOS", "WeatherTracker\WeatherTracker.iOS\WeatherTracker.iOS.csproj", "{69AFDE36-827C-426E-AF39-41C8E2023EC5}"
EndProject
Project("{9A19103F-16F7-4668-BE54-9A1E7A4F7556}") = "WeatherTracker", "WeatherTracker\WeatherTracker\WeatherTracker.csproj", "{5A4AEEDD-01A7-4221-BCDA-2424342FDB39}"
EndProject
Project("{FAE04EC0-301F-11D3-BF4B-00C04F79EFBC}") = "TestingWeather", "TestingWeather\TestingWeather.csproj", "{BC58771B-FD96-44D3-A20E-DC458501CC06}"
EndProject
Global
	GlobalSection(SolutionConfigurationPlatforms) = preSolution
		Debug|Any CPU = Debug|Any CPU
		Debug|iPhone = Debug|iPhone
		Debug|iPhoneSimulator = Debug|iPhoneSimulator
		Release|Any CPU = Release|Any CPU
		Release|iPhone = Release|iPhone
		Release|iPhoneSimulator = Release|iPhoneSimulator
	EndGlobalSection
	GlobalSection(ProjectConfigurationPlatforms) = postSolution
		{2458C7EE-ABD8-4A47-BFF9-A7BB69D3ECC0}.Debug|Any CPU.ActiveCfg = Debug|Any CPU
		{2458C7EE-ABD8-4A47-BFF9-A7BB69D3ECC0}.Debug|Any CPU.Build.0 = Debug|Any CPU
		{2458C7EE-ABD8-4A47-BFF9-A7BB69D3ECC0}.Debug|Any CPU.Deploy.0 = Debug|Any CPU
		{2458C7EE-ABD8-4A47-BFF9-A7BB69D3ECC0}.Debug|iPhone.ActiveCfg = Debug|Any CPU
		{2458C7EE-ABD8-4A47-BFF9-A7BB69D3ECC0}.Debug|iPhone.Build.0 = Debug|Any CPU
		{2458C7EE-ABD8-4A47-BFF9-A7BB69D3ECC0}.Debug|iPhone.Deploy.0 = Debug|Any CPU
		{2458C7EE-ABD8-4A47-BFF9-A7BB69D3ECC0}.Debug|iPhoneSimulator.ActiveCfg = Debug|Any CPU
		{2458C7EE-ABD8-4A47-BFF9-A7BB69D3ECC0}.Debug|iPhoneSimulator.Build.0 = Debug|Any CPU
		{2458C7EE-ABD8-4A47-BFF9-A7BB69D3ECC0}.Debug|iPhoneSimulator.Deploy.0 = Debug|Any CPU
		{2458C7EE-ABD8-4A47-BFF9-A7BB69D3ECC0}.Release|Any CPU.ActiveCfg = Release|Any CPU
		{2458C7EE-ABD8-4A47-BFF9-A7BB69D3ECC0}.Release|Any CPU.Build.0 = Release|Any CPU
		{2458C7EE-ABD8-4A47-BFF9-A7BB69D3ECC0}.Release|Any CPU.Deploy.0 = Release|Any CPU
		{2458C7EE-ABD8-4A47-BFF9-A7BB69D3ECC0}.Release|iPhone.ActiveCfg = Release|Any CPU
		{2458C7EE-ABD8-4A47-BFF9-A7BB69D3ECC0}.Release|iPhone.Build.0 = Release|Any CPU
		{2458C7EE-ABD8-4A47-BFF9-A7BB69D3ECC0}.Release|iPhone.Deploy.0 = Release|Any CPU
		{2458C7EE-ABD8-4A47-BFF9-A7BB69D3ECC0}.Release|iPhoneSimulator.ActiveCfg = Release|Any CPU
		{2458C7EE-ABD8-4A47-BFF9-A7BB69D3ECC0}.Release|iPhoneSimulator.Build.0 = Release|Any CPU
		{2458C7EE-ABD8-4A47-BFF9-A7BB69D3ECC0}.Release|iPhoneSimulator.Deploy.0 = Release|Any CPU
		{69AFDE36-827C-426E-AF39-41C8E2023EC5}.Debug|Any CPU.ActiveCfg = Debug|iPhone
		{69AFDE36-827C-426E-AF39-41C8E2023EC5}.Debug|iPhone.ActiveCfg = Debug|iPhone
		{69AFDE36-827C-426E-AF39-41C8E2023EC5}.Debug|iPhone.Build.0 = Debug|iPhone
		{69AFDE36-827C-426E-AF39-41C8E2023EC5}.Debug|iPhoneSimulator.ActiveCfg = Debug|iPhoneSimulator
		{69AFDE36-827C-426E-AF39-41C8E2023EC5}.Debug|iPhoneSimulator.Build.0 = Debug|iPhoneSimulator
		{69AFDE36-827C-426E-AF39-41C8E2023EC5}.Release|Any CPU.ActiveCfg = Release|iPhone
		{69AFDE36-827C-426E-AF39-41C8E2023EC5}.Release|iPhone.ActiveCfg = Release|iPhone
		{69AFDE36-827C-426E-AF39-41C8E2023EC5}.Release|iPhone.Build.0 = Release|iPhone
		{69AFDE36-827C-426E-AF39-41C8E2023EC5}.Release|iPhoneSimulator.ActiveCfg = Release|iPhoneSimulator
		{69AFDE36-827C-426E-AF39-41C8E2023EC5}.Release|iPhoneSimulator.Build.0 = Release|iPhoneSimulator
		{5A4AEEDD-01A7-4221-BCDA-2424342FDB39}.Debug|Any CPU.ActiveCfg = Debug|Any CPU
		{5A4AEEDD-01A7-4221-BCDA-2424342FDB39}.Debug|Any CPU.Build.0 = Debug|Any CPU
		{5A4AEEDD-01A7-4221-BCDA-2424342FDB39}.Debug|iPhone.ActiveCfg = Debug|Any CPU
		{5A4AEEDD-01A7-4221-BCDA-2424342FDB39}.Debug|iPhone.Build.0 = Debug|Any CPU
		{5A4AEEDD-01A7-4221-BCDA-2424342FDB39}.Debug|iPhoneSimulator.ActiveCfg = Debug|Any CPU
		{5A4AEEDD-01A7-4221-BCDA-2424342FDB39}.Debug|iPhoneSimulator.Build.0 = Debug|Any CPU
		{5A4AEEDD-01A7-4221-BCDA-2424342FDB39}.Release|Any CPU.ActiveCfg = Release|Any CPU
		{5A4AEEDD-01A7-4221-BCDA-2424342FDB39}.Release|Any CPU.Build.0 = Release|Any CPU
		{5A4AEEDD-01A7-4221-BCDA-2424342FDB39}.Release|iPhone.ActiveCfg = Release|Any CPU
		{5A4AEEDD-01A7-4221-BCDA-2424342FDB39}.Release|iPhone.Build.0 = Release|Any CPU
		{5A4AEEDD-01A7-4221-BCDA-2424342FDB39}.Release|iPhoneSimulator.ActiveCfg = Release|Any CPU
		{5A4AEEDD-01A7-4221-BCDA-2424342FDB39}.Release|iPhoneSimulator.Build.0 = Release|Any CPU
		{BC58771B-FD96-44D3-A20E-DC458501CC06}.Debug|Any CPU.ActiveCfg = Debug|Any CPU
		{BC58771B-FD96-44D3-A20E-DC458501CC06}.Debug|Any CPU.Build.0 = Debug|Any CPU
		{BC58771B-FD96-44D3-A20E-DC458501CC06}.Debug|iPhone.ActiveCfg = Debug|Any CPU
		{BC58771B-FD96-44D3-A20E-DC458501CC06}.Debug|iPhone.Build.0 = Debug|Any CPU
		{BC58771B-FD96-44D3-A20E-DC458501CC06}.Debug|iPhoneSimulator.ActiveCfg = Debug|Any CPU
		{BC58771B-FD96-44D3-A20E-DC458501CC06}.Debug|iPhoneSimulator.Build.0 = Debug|Any CPU
		{BC58771B-FD96-44D3-A20E-DC458501CC06}.Release|Any CPU.ActiveCfg = Release|Any CPU
		{BC58771B-FD96-44D3-A20E-DC458501CC06}.Release|Any CPU.Build.0 = Release|Any CPU
		{BC58771B-FD96-44D3-A20E-DC458501CC06}.Release|iPhone.ActiveCfg = Release|Any CPU
		{BC58771B-FD96-44D3-A20E-DC458501CC06}.Release|iPhone.Build.0 = Release|Any CPU
		{BC58771B-FD96-44D3-A20E-DC458501CC06}.Release|iPhoneSimulator.ActiveCfg = Release|Any CPU
		{BC58771B-FD96-44D3-A20E-DC458501CC06}.Release|iPhoneSimulator.Build.0 = Release|Any CPU
	EndGlobalSection
	GlobalSection(SolutionProperties) = preSolution
		HideSolutionNode = FALSE
	EndGlobalSection
	GlobalSection(ExtensibilityGlobals) = postSolution
		SolutionGuid = {BDCD83A6-290D-4914-A1CA-9D49984949BC}
	EndGlobalSection
EndGlobal
